
Microsoft Visual Studio Solution File, Format Version 12.00
# Visual Studio 15
VisualStudioVersion = 15.0.26124.0
MinimumVisualStudioVersion = 15.0.26124.0
Project("{FAE04EC0-301F-11D3-BF4B-00C04F79EFBC}") = "Catalog", "Catalog\Catalog.csproj", "{CA0BA6EE-4F25-439C-A805-730C572378A0}"
EndProject
Project("{FAE04EC0-301F-11D3-BF4B-00C04F79EFBC}") = "CRM", "CRM\CRM.csproj", "{903A1E98-791A-4109-91F9-6BED07A4EBB5}"
EndProject
Project("{FAE04EC0-301F-11D3-BF4B-00C04F79EFBC}") = "OrderProcessing", "OrderProcessing\OrderProcessing.csproj", "{71FF2F81-FA39-4AF7-A414-401AE9D57234}"
EndProject
Project("{FAE04EC0-301F-11D3-BF4B-00C04F79EFBC}") = "tester", "tester\tester.csproj", "{6F706888-E3D1-4677-8B72-9D544DA23553}"
EndProject
Project("{FAE04EC0-301F-11D3-BF4B-00C04F79EFBC}") = "Membership", "Membership\Membership.csproj", "{4E6B625B-DF36-4D3D-85F3-2548A8126A32}"
EndProject
Project("{FAE04EC0-301F-11D3-BF4B-00C04F79EFBC}") = "Banking", "Banking\Banking.csproj", "{76D2E4DA-8B47-4E62-B310-E3CF3BC1C352}"
EndProject
Project("{FAE04EC0-301F-11D3-BF4B-00C04F79EFBC}") = "PaymentProcessing", "PaymentProcessing\PaymentProcessing.csproj", "{61D9BF45-65CE-4C22-9532-CE8A2E5F6141}"
EndProject
Project("{FAE04EC0-301F-11D3-BF4B-00C04F79EFBC}") = "EventTest", "EventTest\EventTest.csproj", "{C52E1283-07C8-4F2D-9287-571498383F32}"
EndProject
Project("{FAE04EC0-301F-11D3-BF4B-00C04F79EFBC}") = "SerializationTest", "SerializationTest\SerializationTest.csproj", "{EEC56BF7-B052-4D46-9CDB-CC4EAE6040F7}"
EndProject
Project("{FAE04EC0-301F-11D3-BF4B-00C04F79EFBC}") = "LINQDemoTest", "LINQDemoTest\LINQDemoTest.csproj", "{BD4E17E7-EFE8-4B02-AA21-2F15D689AE46}"
EndProject
Project("{FAE04EC0-301F-11D3-BF4B-00C04F79EFBC}") = "AnnonymousMethodTest", "AnnonymousMethodTest\AnnonymousMethodTest.csproj", "{3C258604-F3E3-4F81-AA4B-CC885D1C1356}"
EndProject
Project("{FAE04EC0-301F-11D3-BF4B-00C04F79EFBC}") = "ExtensionMethodTest", "ExtensionMethodTest\ExtensionMethodTest.csproj", "{0B561BB8-4915-4A26-A4EF-72BC320EAD03}"
EndProject
Project("{FAE04EC0-301F-11D3-BF4B-00C04F79EFBC}") = "AnalyticsTest", "AnalyticsTest\AnalyticsTest.csproj", "{B6BE7075-762D-455E-9875-7F9BC0941B2C}"
EndProject
Project("{FAE04EC0-301F-11D3-BF4B-00C04F79EFBC}") = "DisconnectedDataAccessTest", "DisconnectedDataAccessTest\DisconnectedDataAccessTest.csproj", "{D406EEA9-0E27-4CE1-A89B-299EE37D109D}"
EndProject
Project("{FAE04EC0-301F-11D3-BF4B-00C04F79EFBC}") = "MongoDBTestCRUDApp", "MongoDBTestCRUDApp\MongoDBTestCRUDApp.csproj", "{0641F881-95D8-4DF4-BF34-F012FC6260DD}"
EndProject
Project("{FAE04EC0-301F-11D3-BF4B-00C04F79EFBC}") = "StudentsMongodbCRUDTest", "StudentsMongodbCRUDTest\StudentsMongodbCRUDTest.csproj", "{B77931B9-3B36-4D7C-BBC8-AE5CA5A97EF3}"
EndProject
Project("{FAE04EC0-301F-11D3-BF4B-00C04F79EFBC}") = "RecruitmentApp", "RecruitmentApp\RecruitmentApp.csproj", "{7D314B78-2D33-471E-9BD3-50D9D0C63FD8}"
EndProject
Project("{FAE04EC0-301F-11D3-BF4B-00C04F79EFBC}") = "SOLIDTest", "SOLIDTest\SOLIDTest.csproj", "{F483548B-1CB5-4B67-9021-D10A66F4B7C1}"
EndProject
Project("{FAE04EC0-301F-11D3-BF4B-00C04F79EFBC}") = "DIPTest", "DIPTest\DIPTest.csproj", "{E1FD1EAE-FE62-41C5-B705-70EDB99355F3}"
EndProject
Project("{FAE04EC0-301F-11D3-BF4B-00C04F79EFBC}") = "OCPTest", "OCPTest\OCPTest.csproj", "{D4856E99-256A-4356-92B5-4C3B80324F39}"
EndProject
Project("{FAE04EC0-301F-11D3-BF4B-00C04F79EFBC}") = "LSPTest", "LSPTest\LSPTest.csproj", "{951A083B-063D-4A2B-AF24-EF5766B9E1F5}"
EndProject
Project("{FAE04EC0-301F-11D3-BF4B-00C04F79EFBC}") = "ISPTest", "ISPTest\ISPTest.csproj", "{A0CD9FA1-9895-43DE-AB71-1121553E9C43}"
EndProject
Project("{FAE04EC0-301F-11D3-BF4B-00C04F79EFBC}") = "TransflowerWebApp", "TransflowerWebApp\TransflowerWebApp.csproj", "{A4DCC520-796D-46DA-85FE-C46D038A4700}"
EndProject
Project("{FAE04EC0-301F-11D3-BF4B-00C04F79EFBC}") = "SimpleWebApp", "SimpleWebApp\SimpleWebApp.csproj", "{65F7A974-09FE-42D0-B194-C7FB28C621A2}"
EndProject
Project("{FAE04EC0-301F-11D3-BF4B-00C04F79EFBC}") = "EmptyWebApp", "EmptyWebApp\EmptyWebApp.csproj", "{FA08D20F-77FF-4EAE-BEBA-DFB9925D858D}"
EndProject
Global
	GlobalSection(SolutionConfigurationPlatforms) = preSolution
		Debug|Any CPU = Debug|Any CPU
		Debug|x64 = Debug|x64
		Debug|x86 = Debug|x86
		Release|Any CPU = Release|Any CPU
		Release|x64 = Release|x64
		Release|x86 = Release|x86
	EndGlobalSection
	GlobalSection(SolutionProperties) = preSolution
		HideSolutionNode = FALSE
	EndGlobalSection
	GlobalSection(ProjectConfigurationPlatforms) = postSolution
		{CA0BA6EE-4F25-439C-A805-730C572378A0}.Debug|Any CPU.ActiveCfg = Debug|Any CPU
		{CA0BA6EE-4F25-439C-A805-730C572378A0}.Debug|Any CPU.Build.0 = Debug|Any CPU
		{CA0BA6EE-4F25-439C-A805-730C572378A0}.Debug|x64.ActiveCfg = Debug|Any CPU
		{CA0BA6EE-4F25-439C-A805-730C572378A0}.Debug|x64.Build.0 = Debug|Any CPU
		{CA0BA6EE-4F25-439C-A805-730C572378A0}.Debug|x86.ActiveCfg = Debug|Any CPU
		{CA0BA6EE-4F25-439C-A805-730C572378A0}.Debug|x86.Build.0 = Debug|Any CPU
		{CA0BA6EE-4F25-439C-A805-730C572378A0}.Release|Any CPU.ActiveCfg = Release|Any CPU
		{CA0BA6EE-4F25-439C-A805-730C572378A0}.Release|Any CPU.Build.0 = Release|Any CPU
		{CA0BA6EE-4F25-439C-A805-730C572378A0}.Release|x64.ActiveCfg = Release|Any CPU
		{CA0BA6EE-4F25-439C-A805-730C572378A0}.Release|x64.Build.0 = Release|Any CPU
		{CA0BA6EE-4F25-439C-A805-730C572378A0}.Release|x86.ActiveCfg = Release|Any CPU
		{CA0BA6EE-4F25-439C-A805-730C572378A0}.Release|x86.Build.0 = Release|Any CPU
		{903A1E98-791A-4109-91F9-6BED07A4EBB5}.Debug|Any CPU.ActiveCfg = Debug|Any CPU
		{903A1E98-791A-4109-91F9-6BED07A4EBB5}.Debug|Any CPU.Build.0 = Debug|Any CPU
		{903A1E98-791A-4109-91F9-6BED07A4EBB5}.Debug|x64.ActiveCfg = Debug|Any CPU
		{903A1E98-791A-4109-91F9-6BED07A4EBB5}.Debug|x64.Build.0 = Debug|Any CPU
		{903A1E98-791A-4109-91F9-6BED07A4EBB5}.Debug|x86.ActiveCfg = Debug|Any CPU
		{903A1E98-791A-4109-91F9-6BED07A4EBB5}.Debug|x86.Build.0 = Debug|Any CPU
		{903A1E98-791A-4109-91F9-6BED07A4EBB5}.Release|Any CPU.ActiveCfg = Release|Any CPU
		{903A1E98-791A-4109-91F9-6BED07A4EBB5}.Release|Any CPU.Build.0 = Release|Any CPU
		{903A1E98-791A-4109-91F9-6BED07A4EBB5}.Release|x64.ActiveCfg = Release|Any CPU
		{903A1E98-791A-4109-91F9-6BED07A4EBB5}.Release|x64.Build.0 = Release|Any CPU
		{903A1E98-791A-4109-91F9-6BED07A4EBB5}.Release|x86.ActiveCfg = Release|Any CPU
		{903A1E98-791A-4109-91F9-6BED07A4EBB5}.Release|x86.Build.0 = Release|Any CPU
		{71FF2F81-FA39-4AF7-A414-401AE9D57234}.Debug|Any CPU.ActiveCfg = Debug|Any CPU
		{71FF2F81-FA39-4AF7-A414-401AE9D57234}.Debug|Any CPU.Build.0 = Debug|Any CPU
		{71FF2F81-FA39-4AF7-A414-401AE9D57234}.Debug|x64.ActiveCfg = Debug|Any CPU
		{71FF2F81-FA39-4AF7-A414-401AE9D57234}.Debug|x64.Build.0 = Debug|Any CPU
		{71FF2F81-FA39-4AF7-A414-401AE9D57234}.Debug|x86.ActiveCfg = Debug|Any CPU
		{71FF2F81-FA39-4AF7-A414-401AE9D57234}.Debug|x86.Build.0 = Debug|Any CPU
		{71FF2F81-FA39-4AF7-A414-401AE9D57234}.Release|Any CPU.ActiveCfg = Release|Any CPU
		{71FF2F81-FA39-4AF7-A414-401AE9D57234}.Release|Any CPU.Build.0 = Release|Any CPU
		{71FF2F81-FA39-4AF7-A414-401AE9D57234}.Release|x64.ActiveCfg = Release|Any CPU
		{71FF2F81-FA39-4AF7-A414-401AE9D57234}.Release|x64.Build.0 = Release|Any CPU
		{71FF2F81-FA39-4AF7-A414-401AE9D57234}.Release|x86.ActiveCfg = Release|Any CPU
		{71FF2F81-FA39-4AF7-A414-401AE9D57234}.Release|x86.Build.0 = Release|Any CPU
		{6F706888-E3D1-4677-8B72-9D544DA23553}.Debug|Any CPU.ActiveCfg = Debug|Any CPU
		{6F706888-E3D1-4677-8B72-9D544DA23553}.Debug|Any CPU.Build.0 = Debug|Any CPU
		{6F706888-E3D1-4677-8B72-9D544DA23553}.Debug|x64.ActiveCfg = Debug|Any CPU
		{6F706888-E3D1-4677-8B72-9D544DA23553}.Debug|x64.Build.0 = Debug|Any CPU
		{6F706888-E3D1-4677-8B72-9D544DA23553}.Debug|x86.ActiveCfg = Debug|Any CPU
		{6F706888-E3D1-4677-8B72-9D544DA23553}.Debug|x86.Build.0 = Debug|Any CPU
		{6F706888-E3D1-4677-8B72-9D544DA23553}.Release|Any CPU.ActiveCfg = Release|Any CPU
		{6F706888-E3D1-4677-8B72-9D544DA23553}.Release|Any CPU.Build.0 = Release|Any CPU
		{6F706888-E3D1-4677-8B72-9D544DA23553}.Release|x64.ActiveCfg = Release|Any CPU
		{6F706888-E3D1-4677-8B72-9D544DA23553}.Release|x64.Build.0 = Release|Any CPU
		{6F706888-E3D1-4677-8B72-9D544DA23553}.Release|x86.ActiveCfg = Release|Any CPU
		{6F706888-E3D1-4677-8B72-9D544DA23553}.Release|x86.Build.0 = Release|Any CPU
		{4E6B625B-DF36-4D3D-85F3-2548A8126A32}.Debug|Any CPU.ActiveCfg = Debug|Any CPU
		{4E6B625B-DF36-4D3D-85F3-2548A8126A32}.Debug|Any CPU.Build.0 = Debug|Any CPU
		{4E6B625B-DF36-4D3D-85F3-2548A8126A32}.Debug|x64.ActiveCfg = Debug|Any CPU
		{4E6B625B-DF36-4D3D-85F3-2548A8126A32}.Debug|x64.Build.0 = Debug|Any CPU
		{4E6B625B-DF36-4D3D-85F3-2548A8126A32}.Debug|x86.ActiveCfg = Debug|Any CPU
		{4E6B625B-DF36-4D3D-85F3-2548A8126A32}.Debug|x86.Build.0 = Debug|Any CPU
		{4E6B625B-DF36-4D3D-85F3-2548A8126A32}.Release|Any CPU.ActiveCfg = Release|Any CPU
		{4E6B625B-DF36-4D3D-85F3-2548A8126A32}.Release|Any CPU.Build.0 = Release|Any CPU
		{4E6B625B-DF36-4D3D-85F3-2548A8126A32}.Release|x64.ActiveCfg = Release|Any CPU
		{4E6B625B-DF36-4D3D-85F3-2548A8126A32}.Release|x64.Build.0 = Release|Any CPU
		{4E6B625B-DF36-4D3D-85F3-2548A8126A32}.Release|x86.ActiveCfg = Release|Any CPU
		{4E6B625B-DF36-4D3D-85F3-2548A8126A32}.Release|x86.Build.0 = Release|Any CPU
		{76D2E4DA-8B47-4E62-B310-E3CF3BC1C352}.Debug|Any CPU.ActiveCfg = Debug|Any CPU
		{76D2E4DA-8B47-4E62-B310-E3CF3BC1C352}.Debug|Any CPU.Build.0 = Debug|Any CPU
		{76D2E4DA-8B47-4E62-B310-E3CF3BC1C352}.Debug|x64.ActiveCfg = Debug|Any CPU
		{76D2E4DA-8B47-4E62-B310-E3CF3BC1C352}.Debug|x64.Build.0 = Debug|Any CPU
		{76D2E4DA-8B47-4E62-B310-E3CF3BC1C352}.Debug|x86.ActiveCfg = Debug|Any CPU
		{76D2E4DA-8B47-4E62-B310-E3CF3BC1C352}.Debug|x86.Build.0 = Debug|Any CPU
		{76D2E4DA-8B47-4E62-B310-E3CF3BC1C352}.Release|Any CPU.ActiveCfg = Release|Any CPU
		{76D2E4DA-8B47-4E62-B310-E3CF3BC1C352}.Release|Any CPU.Build.0 = Release|Any CPU
		{76D2E4DA-8B47-4E62-B310-E3CF3BC1C352}.Release|x64.ActiveCfg = Release|Any CPU
		{76D2E4DA-8B47-4E62-B310-E3CF3BC1C352}.Release|x64.Build.0 = Release|Any CPU
		{76D2E4DA-8B47-4E62-B310-E3CF3BC1C352}.Release|x86.ActiveCfg = Release|Any CPU
		{76D2E4DA-8B47-4E62-B310-E3CF3BC1C352}.Release|x86.Build.0 = Release|Any CPU
		{61D9BF45-65CE-4C22-9532-CE8A2E5F6141}.Debug|Any CPU.ActiveCfg = Debug|Any CPU
		{61D9BF45-65CE-4C22-9532-CE8A2E5F6141}.Debug|Any CPU.Build.0 = Debug|Any CPU
		{61D9BF45-65CE-4C22-9532-CE8A2E5F6141}.Debug|x64.ActiveCfg = Debug|Any CPU
		{61D9BF45-65CE-4C22-9532-CE8A2E5F6141}.Debug|x64.Build.0 = Debug|Any CPU
		{61D9BF45-65CE-4C22-9532-CE8A2E5F6141}.Debug|x86.ActiveCfg = Debug|Any CPU
		{61D9BF45-65CE-4C22-9532-CE8A2E5F6141}.Debug|x86.Build.0 = Debug|Any CPU
		{61D9BF45-65CE-4C22-9532-CE8A2E5F6141}.Release|Any CPU.ActiveCfg = Release|Any CPU
		{61D9BF45-65CE-4C22-9532-CE8A2E5F6141}.Release|Any CPU.Build.0 = Release|Any CPU
		{61D9BF45-65CE-4C22-9532-CE8A2E5F6141}.Release|x64.ActiveCfg = Release|Any CPU
		{61D9BF45-65CE-4C22-9532-CE8A2E5F6141}.Release|x64.Build.0 = Release|Any CPU
		{61D9BF45-65CE-4C22-9532-CE8A2E5F6141}.Release|x86.ActiveCfg = Release|Any CPU
		{61D9BF45-65CE-4C22-9532-CE8A2E5F6141}.Release|x86.Build.0 = Release|Any CPU
		{C52E1283-07C8-4F2D-9287-571498383F32}.Debug|Any CPU.ActiveCfg = Debug|Any CPU
		{C52E1283-07C8-4F2D-9287-571498383F32}.Debug|Any CPU.Build.0 = Debug|Any CPU
		{C52E1283-07C8-4F2D-9287-571498383F32}.Debug|x64.ActiveCfg = Debug|Any CPU
		{C52E1283-07C8-4F2D-9287-571498383F32}.Debug|x64.Build.0 = Debug|Any CPU
		{C52E1283-07C8-4F2D-9287-571498383F32}.Debug|x86.ActiveCfg = Debug|Any CPU
		{C52E1283-07C8-4F2D-9287-571498383F32}.Debug|x86.Build.0 = Debug|Any CPU
		{C52E1283-07C8-4F2D-9287-571498383F32}.Release|Any CPU.ActiveCfg = Release|Any CPU
		{C52E1283-07C8-4F2D-9287-571498383F32}.Release|Any CPU.Build.0 = Release|Any CPU
		{C52E1283-07C8-4F2D-9287-571498383F32}.Release|x64.ActiveCfg = Release|Any CPU
		{C52E1283-07C8-4F2D-9287-571498383F32}.Release|x64.Build.0 = Release|Any CPU
		{C52E1283-07C8-4F2D-9287-571498383F32}.Release|x86.ActiveCfg = Release|Any CPU
		{C52E1283-07C8-4F2D-9287-571498383F32}.Release|x86.Build.0 = Release|Any CPU
		{EEC56BF7-B052-4D46-9CDB-CC4EAE6040F7}.Debug|Any CPU.ActiveCfg = Debug|Any CPU
		{EEC56BF7-B052-4D46-9CDB-CC4EAE6040F7}.Debug|Any CPU.Build.0 = Debug|Any CPU
		{EEC56BF7-B052-4D46-9CDB-CC4EAE6040F7}.Debug|x64.ActiveCfg = Debug|Any CPU
		{EEC56BF7-B052-4D46-9CDB-CC4EAE6040F7}.Debug|x64.Build.0 = Debug|Any CPU
		{EEC56BF7-B052-4D46-9CDB-CC4EAE6040F7}.Debug|x86.ActiveCfg = Debug|Any CPU
		{EEC56BF7-B052-4D46-9CDB-CC4EAE6040F7}.Debug|x86.Build.0 = Debug|Any CPU
		{EEC56BF7-B052-4D46-9CDB-CC4EAE6040F7}.Release|Any CPU.ActiveCfg = Release|Any CPU
		{EEC56BF7-B052-4D46-9CDB-CC4EAE6040F7}.Release|Any CPU.Build.0 = Release|Any CPU
		{EEC56BF7-B052-4D46-9CDB-CC4EAE6040F7}.Release|x64.ActiveCfg = Release|Any CPU
		{EEC56BF7-B052-4D46-9CDB-CC4EAE6040F7}.Release|x64.Build.0 = Release|Any CPU
		{EEC56BF7-B052-4D46-9CDB-CC4EAE6040F7}.Release|x86.ActiveCfg = Release|Any CPU
		{EEC56BF7-B052-4D46-9CDB-CC4EAE6040F7}.Release|x86.Build.0 = Release|Any CPU
		{BD4E17E7-EFE8-4B02-AA21-2F15D689AE46}.Debug|Any CPU.ActiveCfg = Debug|Any CPU
		{BD4E17E7-EFE8-4B02-AA21-2F15D689AE46}.Debug|Any CPU.Build.0 = Debug|Any CPU
		{BD4E17E7-EFE8-4B02-AA21-2F15D689AE46}.Debug|x64.ActiveCfg = Debug|Any CPU
		{BD4E17E7-EFE8-4B02-AA21-2F15D689AE46}.Debug|x64.Build.0 = Debug|Any CPU
		{BD4E17E7-EFE8-4B02-AA21-2F15D689AE46}.Debug|x86.ActiveCfg = Debug|Any CPU
		{BD4E17E7-EFE8-4B02-AA21-2F15D689AE46}.Debug|x86.Build.0 = Debug|Any CPU
		{BD4E17E7-EFE8-4B02-AA21-2F15D689AE46}.Release|Any CPU.ActiveCfg = Release|Any CPU
		{BD4E17E7-EFE8-4B02-AA21-2F15D689AE46}.Release|Any CPU.Build.0 = Release|Any CPU
		{BD4E17E7-EFE8-4B02-AA21-2F15D689AE46}.Release|x64.ActiveCfg = Release|Any CPU
		{BD4E17E7-EFE8-4B02-AA21-2F15D689AE46}.Release|x64.Build.0 = Release|Any CPU
		{BD4E17E7-EFE8-4B02-AA21-2F15D689AE46}.Release|x86.ActiveCfg = Release|Any CPU
		{BD4E17E7-EFE8-4B02-AA21-2F15D689AE46}.Release|x86.Build.0 = Release|Any CPU
		{3C258604-F3E3-4F81-AA4B-CC885D1C1356}.Debug|Any CPU.ActiveCfg = Debug|Any CPU
		{3C258604-F3E3-4F81-AA4B-CC885D1C1356}.Debug|Any CPU.Build.0 = Debug|Any CPU
		{3C258604-F3E3-4F81-AA4B-CC885D1C1356}.Debug|x64.ActiveCfg = Debug|Any CPU
		{3C258604-F3E3-4F81-AA4B-CC885D1C1356}.Debug|x64.Build.0 = Debug|Any CPU
		{3C258604-F3E3-4F81-AA4B-CC885D1C1356}.Debug|x86.ActiveCfg = Debug|Any CPU
		{3C258604-F3E3-4F81-AA4B-CC885D1C1356}.Debug|x86.Build.0 = Debug|Any CPU
		{3C258604-F3E3-4F81-AA4B-CC885D1C1356}.Release|Any CPU.ActiveCfg = Release|Any CPU
		{3C258604-F3E3-4F81-AA4B-CC885D1C1356}.Release|Any CPU.Build.0 = Release|Any CPU
		{3C258604-F3E3-4F81-AA4B-CC885D1C1356}.Release|x64.ActiveCfg = Release|Any CPU
		{3C258604-F3E3-4F81-AA4B-CC885D1C1356}.Release|x64.Build.0 = Release|Any CPU
		{3C258604-F3E3-4F81-AA4B-CC885D1C1356}.Release|x86.ActiveCfg = Release|Any CPU
		{3C258604-F3E3-4F81-AA4B-CC885D1C1356}.Release|x86.Build.0 = Release|Any CPU
		{0B561BB8-4915-4A26-A4EF-72BC320EAD03}.Debug|Any CPU.ActiveCfg = Debug|Any CPU
		{0B561BB8-4915-4A26-A4EF-72BC320EAD03}.Debug|Any CPU.Build.0 = Debug|Any CPU
		{0B561BB8-4915-4A26-A4EF-72BC320EAD03}.Debug|x64.ActiveCfg = Debug|Any CPU
		{0B561BB8-4915-4A26-A4EF-72BC320EAD03}.Debug|x64.Build.0 = Debug|Any CPU
		{0B561BB8-4915-4A26-A4EF-72BC320EAD03}.Debug|x86.ActiveCfg = Debug|Any CPU
		{0B561BB8-4915-4A26-A4EF-72BC320EAD03}.Debug|x86.Build.0 = Debug|Any CPU
		{0B561BB8-4915-4A26-A4EF-72BC320EAD03}.Release|Any CPU.ActiveCfg = Release|Any CPU
		{0B561BB8-4915-4A26-A4EF-72BC320EAD03}.Release|Any CPU.Build.0 = Release|Any CPU
		{0B561BB8-4915-4A26-A4EF-72BC320EAD03}.Release|x64.ActiveCfg = Release|Any CPU
		{0B561BB8-4915-4A26-A4EF-72BC320EAD03}.Release|x64.Build.0 = Release|Any CPU
		{0B561BB8-4915-4A26-A4EF-72BC320EAD03}.Release|x86.ActiveCfg = Release|Any CPU
		{0B561BB8-4915-4A26-A4EF-72BC320EAD03}.Release|x86.Build.0 = Release|Any CPU
		{B6BE7075-762D-455E-9875-7F9BC0941B2C}.Debug|Any CPU.ActiveCfg = Debug|Any CPU
		{B6BE7075-762D-455E-9875-7F9BC0941B2C}.Debug|Any CPU.Build.0 = Debug|Any CPU
		{B6BE7075-762D-455E-9875-7F9BC0941B2C}.Debug|x64.ActiveCfg = Debug|Any CPU
		{B6BE7075-762D-455E-9875-7F9BC0941B2C}.Debug|x64.Build.0 = Debug|Any CPU
		{B6BE7075-762D-455E-9875-7F9BC0941B2C}.Debug|x86.ActiveCfg = Debug|Any CPU
		{B6BE7075-762D-455E-9875-7F9BC0941B2C}.Debug|x86.Build.0 = Debug|Any CPU
		{B6BE7075-762D-455E-9875-7F9BC0941B2C}.Release|Any CPU.ActiveCfg = Release|Any CPU
		{B6BE7075-762D-455E-9875-7F9BC0941B2C}.Release|Any CPU.Build.0 = Release|Any CPU
		{B6BE7075-762D-455E-9875-7F9BC0941B2C}.Release|x64.ActiveCfg = Release|Any CPU
		{B6BE7075-762D-455E-9875-7F9BC0941B2C}.Release|x64.Build.0 = Release|Any CPU
		{B6BE7075-762D-455E-9875-7F9BC0941B2C}.Release|x86.ActiveCfg = Release|Any CPU
		{B6BE7075-762D-455E-9875-7F9BC0941B2C}.Release|x86.Build.0 = Release|Any CPU
		{D406EEA9-0E27-4CE1-A89B-299EE37D109D}.Debug|Any CPU.ActiveCfg = Debug|Any CPU
		{D406EEA9-0E27-4CE1-A89B-299EE37D109D}.Debug|Any CPU.Build.0 = Debug|Any CPU
		{D406EEA9-0E27-4CE1-A89B-299EE37D109D}.Debug|x64.ActiveCfg = Debug|Any CPU
		{D406EEA9-0E27-4CE1-A89B-299EE37D109D}.Debug|x64.Build.0 = Debug|Any CPU
		{D406EEA9-0E27-4CE1-A89B-299EE37D109D}.Debug|x86.ActiveCfg = Debug|Any CPU
		{D406EEA9-0E27-4CE1-A89B-299EE37D109D}.Debug|x86.Build.0 = Debug|Any CPU
		{D406EEA9-0E27-4CE1-A89B-299EE37D109D}.Release|Any CPU.ActiveCfg = Release|Any CPU
		{D406EEA9-0E27-4CE1-A89B-299EE37D109D}.Release|Any CPU.Build.0 = Release|Any CPU
		{D406EEA9-0E27-4CE1-A89B-299EE37D109D}.Release|x64.ActiveCfg = Release|Any CPU
		{D406EEA9-0E27-4CE1-A89B-299EE37D109D}.Release|x64.Build.0 = Release|Any CPU
		{D406EEA9-0E27-4CE1-A89B-299EE37D109D}.Release|x86.ActiveCfg = Release|Any CPU
		{D406EEA9-0E27-4CE1-A89B-299EE37D109D}.Release|x86.Build.0 = Release|Any CPU
		{0641F881-95D8-4DF4-BF34-F012FC6260DD}.Debug|Any CPU.ActiveCfg = Debug|Any CPU
		{0641F881-95D8-4DF4-BF34-F012FC6260DD}.Debug|Any CPU.Build.0 = Debug|Any CPU
		{0641F881-95D8-4DF4-BF34-F012FC6260DD}.Debug|x64.ActiveCfg = Debug|Any CPU
		{0641F881-95D8-4DF4-BF34-F012FC6260DD}.Debug|x64.Build.0 = Debug|Any CPU
		{0641F881-95D8-4DF4-BF34-F012FC6260DD}.Debug|x86.ActiveCfg = Debug|Any CPU
		{0641F881-95D8-4DF4-BF34-F012FC6260DD}.Debug|x86.Build.0 = Debug|Any CPU
		{0641F881-95D8-4DF4-BF34-F012FC6260DD}.Release|Any CPU.ActiveCfg = Release|Any CPU
		{0641F881-95D8-4DF4-BF34-F012FC6260DD}.Release|Any CPU.Build.0 = Release|Any CPU
		{0641F881-95D8-4DF4-BF34-F012FC6260DD}.Release|x64.ActiveCfg = Release|Any CPU
		{0641F881-95D8-4DF4-BF34-F012FC6260DD}.Release|x64.Build.0 = Release|Any CPU
		{0641F881-95D8-4DF4-BF34-F012FC6260DD}.Release|x86.ActiveCfg = Release|Any CPU
		{0641F881-95D8-4DF4-BF34-F012FC6260DD}.Release|x86.Build.0 = Release|Any CPU
		{B77931B9-3B36-4D7C-BBC8-AE5CA5A97EF3}.Debug|Any CPU.ActiveCfg = Debug|Any CPU
		{B77931B9-3B36-4D7C-BBC8-AE5CA5A97EF3}.Debug|Any CPU.Build.0 = Debug|Any CPU
		{B77931B9-3B36-4D7C-BBC8-AE5CA5A97EF3}.Debug|x64.ActiveCfg = Debug|Any CPU
		{B77931B9-3B36-4D7C-BBC8-AE5CA5A97EF3}.Debug|x64.Build.0 = Debug|Any CPU
		{B77931B9-3B36-4D7C-BBC8-AE5CA5A97EF3}.Debug|x86.ActiveCfg = Debug|Any CPU
		{B77931B9-3B36-4D7C-BBC8-AE5CA5A97EF3}.Debug|x86.Build.0 = Debug|Any CPU
		{B77931B9-3B36-4D7C-BBC8-AE5CA5A97EF3}.Release|Any CPU.ActiveCfg = Release|Any CPU
		{B77931B9-3B36-4D7C-BBC8-AE5CA5A97EF3}.Release|Any CPU.Build.0 = Release|Any CPU
		{B77931B9-3B36-4D7C-BBC8-AE5CA5A97EF3}.Release|x64.ActiveCfg = Release|Any CPU
		{B77931B9-3B36-4D7C-BBC8-AE5CA5A97EF3}.Release|x64.Build.0 = Release|Any CPU
		{B77931B9-3B36-4D7C-BBC8-AE5CA5A97EF3}.Release|x86.ActiveCfg = Release|Any CPU
		{B77931B9-3B36-4D7C-BBC8-AE5CA5A97EF3}.Release|x86.Build.0 = Release|Any CPU
		{7D314B78-2D33-471E-9BD3-50D9D0C63FD8}.Debug|Any CPU.ActiveCfg = Debug|Any CPU
		{7D314B78-2D33-471E-9BD3-50D9D0C63FD8}.Debug|Any CPU.Build.0 = Debug|Any CPU
		{7D314B78-2D33-471E-9BD3-50D9D0C63FD8}.Debug|x64.ActiveCfg = Debug|Any CPU
		{7D314B78-2D33-471E-9BD3-50D9D0C63FD8}.Debug|x64.Build.0 = Debug|Any CPU
		{7D314B78-2D33-471E-9BD3-50D9D0C63FD8}.Debug|x86.ActiveCfg = Debug|Any CPU
		{7D314B78-2D33-471E-9BD3-50D9D0C63FD8}.Debug|x86.Build.0 = Debug|Any CPU
		{7D314B78-2D33-471E-9BD3-50D9D0C63FD8}.Release|Any CPU.ActiveCfg = Release|Any CPU
		{7D314B78-2D33-471E-9BD3-50D9D0C63FD8}.Release|Any CPU.Build.0 = Release|Any CPU
		{7D314B78-2D33-471E-9BD3-50D9D0C63FD8}.Release|x64.ActiveCfg = Release|Any CPU
		{7D314B78-2D33-471E-9BD3-50D9D0C63FD8}.Release|x64.Build.0 = Release|Any CPU
		{7D314B78-2D33-471E-9BD3-50D9D0C63FD8}.Release|x86.ActiveCfg = Release|Any CPU
		{7D314B78-2D33-471E-9BD3-50D9D0C63FD8}.Release|x86.Build.0 = Release|Any CPU
		{F483548B-1CB5-4B67-9021-D10A66F4B7C1}.Debug|Any CPU.ActiveCfg = Debug|Any CPU
		{F483548B-1CB5-4B67-9021-D10A66F4B7C1}.Debug|Any CPU.Build.0 = Debug|Any CPU
		{F483548B-1CB5-4B67-9021-D10A66F4B7C1}.Debug|x64.ActiveCfg = Debug|Any CPU
		{F483548B-1CB5-4B67-9021-D10A66F4B7C1}.Debug|x64.Build.0 = Debug|Any CPU
		{F483548B-1CB5-4B67-9021-D10A66F4B7C1}.Debug|x86.ActiveCfg = Debug|Any CPU
		{F483548B-1CB5-4B67-9021-D10A66F4B7C1}.Debug|x86.Build.0 = Debug|Any CPU
		{F483548B-1CB5-4B67-9021-D10A66F4B7C1}.Release|Any CPU.ActiveCfg = Release|Any CPU
		{F483548B-1CB5-4B67-9021-D10A66F4B7C1}.Release|Any CPU.Build.0 = Release|Any CPU
		{F483548B-1CB5-4B67-9021-D10A66F4B7C1}.Release|x64.ActiveCfg = Release|Any CPU
		{F483548B-1CB5-4B67-9021-D10A66F4B7C1}.Release|x64.Build.0 = Release|Any CPU
		{F483548B-1CB5-4B67-9021-D10A66F4B7C1}.Release|x86.ActiveCfg = Release|Any CPU
		{F483548B-1CB5-4B67-9021-D10A66F4B7C1}.Release|x86.Build.0 = Release|Any CPU
		{E1FD1EAE-FE62-41C5-B705-70EDB99355F3}.Debug|Any CPU.ActiveCfg = Debug|Any CPU
		{E1FD1EAE-FE62-41C5-B705-70EDB99355F3}.Debug|Any CPU.Build.0 = Debug|Any CPU
		{E1FD1EAE-FE62-41C5-B705-70EDB99355F3}.Debug|x64.ActiveCfg = Debug|Any CPU
		{E1FD1EAE-FE62-41C5-B705-70EDB99355F3}.Debug|x64.Build.0 = Debug|Any CPU
		{E1FD1EAE-FE62-41C5-B705-70EDB99355F3}.Debug|x86.ActiveCfg = Debug|Any CPU
		{E1FD1EAE-FE62-41C5-B705-70EDB99355F3}.Debug|x86.Build.0 = Debug|Any CPU
		{E1FD1EAE-FE62-41C5-B705-70EDB99355F3}.Release|Any CPU.ActiveCfg = Release|Any CPU
		{E1FD1EAE-FE62-41C5-B705-70EDB99355F3}.Release|Any CPU.Build.0 = Release|Any CPU
		{E1FD1EAE-FE62-41C5-B705-70EDB99355F3}.Release|x64.ActiveCfg = Release|Any CPU
		{E1FD1EAE-FE62-41C5-B705-70EDB99355F3}.Release|x64.Build.0 = Release|Any CPU
		{E1FD1EAE-FE62-41C5-B705-70EDB99355F3}.Release|x86.ActiveCfg = Release|Any CPU
		{E1FD1EAE-FE62-41C5-B705-70EDB99355F3}.Release|x86.Build.0 = Release|Any CPU
		{D4856E99-256A-4356-92B5-4C3B80324F39}.Debug|Any CPU.ActiveCfg = Debug|Any CPU
		{D4856E99-256A-4356-92B5-4C3B80324F39}.Debug|Any CPU.Build.0 = Debug|Any CPU
		{D4856E99-256A-4356-92B5-4C3B80324F39}.Debug|x64.ActiveCfg = Debug|Any CPU
		{D4856E99-256A-4356-92B5-4C3B80324F39}.Debug|x64.Build.0 = Debug|Any CPU
		{D4856E99-256A-4356-92B5-4C3B80324F39}.Debug|x86.ActiveCfg = Debug|Any CPU
		{D4856E99-256A-4356-92B5-4C3B80324F39}.Debug|x86.Build.0 = Debug|Any CPU
		{D4856E99-256A-4356-92B5-4C3B80324F39}.Release|Any CPU.ActiveCfg = Release|Any CPU
		{D4856E99-256A-4356-92B5-4C3B80324F39}.Release|Any CPU.Build.0 = Release|Any CPU
		{D4856E99-256A-4356-92B5-4C3B80324F39}.Release|x64.ActiveCfg = Release|Any CPU
		{D4856E99-256A-4356-92B5-4C3B80324F39}.Release|x64.Build.0 = Release|Any CPU
		{D4856E99-256A-4356-92B5-4C3B80324F39}.Release|x86.ActiveCfg = Release|Any CPU
		{D4856E99-256A-4356-92B5-4C3B80324F39}.Release|x86.Build.0 = Release|Any CPU
		{951A083B-063D-4A2B-AF24-EF5766B9E1F5}.Debug|Any CPU.ActiveCfg = Debug|Any CPU
		{951A083B-063D-4A2B-AF24-EF5766B9E1F5}.Debug|Any CPU.Build.0 = Debug|Any CPU
		{951A083B-063D-4A2B-AF24-EF5766B9E1F5}.Debug|x64.ActiveCfg = Debug|Any CPU
		{951A083B-063D-4A2B-AF24-EF5766B9E1F5}.Debug|x64.Build.0 = Debug|Any CPU
		{951A083B-063D-4A2B-AF24-EF5766B9E1F5}.Debug|x86.ActiveCfg = Debug|Any CPU
		{951A083B-063D-4A2B-AF24-EF5766B9E1F5}.Debug|x86.Build.0 = Debug|Any CPU
		{951A083B-063D-4A2B-AF24-EF5766B9E1F5}.Release|Any CPU.ActiveCfg = Release|Any CPU
		{951A083B-063D-4A2B-AF24-EF5766B9E1F5}.Release|Any CPU.Build.0 = Release|Any CPU
		{951A083B-063D-4A2B-AF24-EF5766B9E1F5}.Release|x64.ActiveCfg = Release|Any CPU
		{951A083B-063D-4A2B-AF24-EF5766B9E1F5}.Release|x64.Build.0 = Release|Any CPU
		{951A083B-063D-4A2B-AF24-EF5766B9E1F5}.Release|x86.ActiveCfg = Release|Any CPU
		{951A083B-063D-4A2B-AF24-EF5766B9E1F5}.Release|x86.Build.0 = Release|Any CPU
		{A0CD9FA1-9895-43DE-AB71-1121553E9C43}.Debug|Any CPU.ActiveCfg = Debug|Any CPU
		{A0CD9FA1-9895-43DE-AB71-1121553E9C43}.Debug|Any CPU.Build.0 = Debug|Any CPU
		{A0CD9FA1-9895-43DE-AB71-1121553E9C43}.Debug|x64.ActiveCfg = Debug|Any CPU
		{A0CD9FA1-9895-43DE-AB71-1121553E9C43}.Debug|x64.Build.0 = Debug|Any CPU
		{A0CD9FA1-9895-43DE-AB71-1121553E9C43}.Debug|x86.ActiveCfg = Debug|Any CPU
		{A0CD9FA1-9895-43DE-AB71-1121553E9C43}.Debug|x86.Build.0 = Debug|Any CPU
		{A0CD9FA1-9895-43DE-AB71-1121553E9C43}.Release|Any CPU.ActiveCfg = Release|Any CPU
		{A0CD9FA1-9895-43DE-AB71-1121553E9C43}.Release|Any CPU.Build.0 = Release|Any CPU
		{A0CD9FA1-9895-43DE-AB71-1121553E9C43}.Release|x64.ActiveCfg = Release|Any CPU
		{A0CD9FA1-9895-43DE-AB71-1121553E9C43}.Release|x64.Build.0 = Release|Any CPU
		{A0CD9FA1-9895-43DE-AB71-1121553E9C43}.Release|x86.ActiveCfg = Release|Any CPU
		{A0CD9FA1-9895-43DE-AB71-1121553E9C43}.Release|x86.Build.0 = Release|Any CPU
		{A4DCC520-796D-46DA-85FE-C46D038A4700}.Debug|Any CPU.ActiveCfg = Debug|Any CPU
		{A4DCC520-796D-46DA-85FE-C46D038A4700}.Debug|Any CPU.Build.0 = Debug|Any CPU
		{A4DCC520-796D-46DA-85FE-C46D038A4700}.Debug|x64.ActiveCfg = Debug|Any CPU
		{A4DCC520-796D-46DA-85FE-C46D038A4700}.Debug|x64.Build.0 = Debug|Any CPU
		{A4DCC520-796D-46DA-85FE-C46D038A4700}.Debug|x86.ActiveCfg = Debug|Any CPU
		{A4DCC520-796D-46DA-85FE-C46D038A4700}.Debug|x86.Build.0 = Debug|Any CPU
		{A4DCC520-796D-46DA-85FE-C46D038A4700}.Release|Any CPU.ActiveCfg = Release|Any CPU
		{A4DCC520-796D-46DA-85FE-C46D038A4700}.Release|Any CPU.Build.0 = Release|Any CPU
		{A4DCC520-796D-46DA-85FE-C46D038A4700}.Release|x64.ActiveCfg = Release|Any CPU
		{A4DCC520-796D-46DA-85FE-C46D038A4700}.Release|x64.Build.0 = Release|Any CPU
		{A4DCC520-796D-46DA-85FE-C46D038A4700}.Release|x86.ActiveCfg = Release|Any CPU
		{A4DCC520-796D-46DA-85FE-C46D038A4700}.Release|x86.Build.0 = Release|Any CPU
		{65F7A974-09FE-42D0-B194-C7FB28C621A2}.Debug|Any CPU.ActiveCfg = Debug|Any CPU
		{65F7A974-09FE-42D0-B194-C7FB28C621A2}.Debug|Any CPU.Build.0 = Debug|Any CPU
		{65F7A974-09FE-42D0-B194-C7FB28C621A2}.Debug|x64.ActiveCfg = Debug|Any CPU
		{65F7A974-09FE-42D0-B194-C7FB28C621A2}.Debug|x64.Build.0 = Debug|Any CPU
		{65F7A974-09FE-42D0-B194-C7FB28C621A2}.Debug|x86.ActiveCfg = Debug|Any CPU
		{65F7A974-09FE-42D0-B194-C7FB28C621A2}.Debug|x86.Build.0 = Debug|Any CPU
		{65F7A974-09FE-42D0-B194-C7FB28C621A2}.Release|Any CPU.ActiveCfg = Release|Any CPU
		{65F7A974-09FE-42D0-B194-C7FB28C621A2}.Release|Any CPU.Build.0 = Release|Any CPU
		{65F7A974-09FE-42D0-B194-C7FB28C621A2}.Release|x64.ActiveCfg = Release|Any CPU
		{65F7A974-09FE-42D0-B194-C7FB28C621A2}.Release|x64.Build.0 = Release|Any CPU
		{65F7A974-09FE-42D0-B194-C7FB28C621A2}.Release|x86.ActiveCfg = Release|Any CPU
		{65F7A974-09FE-42D0-B194-C7FB28C621A2}.Release|x86.Build.0 = Release|Any CPU
		{FA08D20F-77FF-4EAE-BEBA-DFB9925D858D}.Debug|Any CPU.ActiveCfg = Debug|Any CPU
		{FA08D20F-77FF-4EAE-BEBA-DFB9925D858D}.Debug|Any CPU.Build.0 = Debug|Any CPU
		{FA08D20F-77FF-4EAE-BEBA-DFB9925D858D}.Debug|x64.ActiveCfg = Debug|Any CPU
		{FA08D20F-77FF-4EAE-BEBA-DFB9925D858D}.Debug|x64.Build.0 = Debug|Any CPU
		{FA08D20F-77FF-4EAE-BEBA-DFB9925D858D}.Debug|x86.ActiveCfg = Debug|Any CPU
		{FA08D20F-77FF-4EAE-BEBA-DFB9925D858D}.Debug|x86.Build.0 = Debug|Any CPU
		{FA08D20F-77FF-4EAE-BEBA-DFB9925D858D}.Release|Any CPU.ActiveCfg = Release|Any CPU
		{FA08D20F-77FF-4EAE-BEBA-DFB9925D858D}.Release|Any CPU.Build.0 = Release|Any CPU
		{FA08D20F-77FF-4EAE-BEBA-DFB9925D858D}.Release|x64.ActiveCfg = Release|Any CPU
		{FA08D20F-77FF-4EAE-BEBA-DFB9925D858D}.Release|x64.Build.0 = Release|Any CPU
		{FA08D20F-77FF-4EAE-BEBA-DFB9925D858D}.Release|x86.ActiveCfg = Release|Any CPU
		{FA08D20F-77FF-4EAE-BEBA-DFB9925D858D}.Release|x86.Build.0 = Release|Any CPU
	EndGlobalSection
EndGlobal
