
Microsoft Visual Studio Solution File, Format Version 12.00
# Visual Studio Version 16
VisualStudioVersion = 16.6.30114.105
MinimumVisualStudioVersion = 10.0.40219.1
Project("{FAE04EC0-301F-11D3-BF4B-00C04F79EFBC}") = "ProductWebAPI", "ProductWebAPI\ProductWebAPI.csproj", "{71866C67-CAA0-41C9-808F-25C97A8CEA56}"
EndProject
Project("{FAE04EC0-301F-11D3-BF4B-00C04F79EFBC}") = "CustomerWebAPI", "CustomerWebAPI\CustomerWebAPI.csproj", "{8232AF90-522B-4B52-AD6A-C436B42D8F15}"
EndProject
Project("{FAE04EC0-301F-11D3-BF4B-00C04F79EFBC}") = "Gateway", "Gateway\Gateway.csproj", "{6F1B4CBD-5943-4E5F-A8D6-1BF738D01A30}"
EndProject
Project("{FAE04EC0-301F-11D3-BF4B-00C04F79EFBC}") = "UserWebAPI", "UserWebAPI\UserWebAPI.csproj", "{9661FA9F-4929-4B8E-9C2E-DF869BA5C202}"
EndProject
Global
	GlobalSection(SolutionConfigurationPlatforms) = preSolution
		Debug|Any CPU = Debug|Any CPU
		Debug|x64 = Debug|x64
		Debug|x86 = Debug|x86
		Release|Any CPU = Release|Any CPU
		Release|x64 = Release|x64
		Release|x86 = Release|x86
	EndGlobalSection
	GlobalSection(SolutionProperties) = preSolution
		HideSolutionNode = FALSE
	EndGlobalSection
	GlobalSection(ProjectConfigurationPlatforms) = postSolution
		{71866C67-CAA0-41C9-808F-25C97A8CEA56}.Debug|Any CPU.ActiveCfg = Debug|Any CPU
		{71866C67-CAA0-41C9-808F-25C97A8CEA56}.Debug|Any CPU.Build.0 = Debug|Any CPU
		{71866C67-CAA0-41C9-808F-25C97A8CEA56}.Debug|x64.ActiveCfg = Debug|Any CPU
		{71866C67-CAA0-41C9-808F-25C97A8CEA56}.Debug|x64.Build.0 = Debug|Any CPU
		{71866C67-CAA0-41C9-808F-25C97A8CEA56}.Debug|x86.ActiveCfg = Debug|Any CPU
		{71866C67-CAA0-41C9-808F-25C97A8CEA56}.Debug|x86.Build.0 = Debug|Any CPU
		{71866C67-CAA0-41C9-808F-25C97A8CEA56}.Release|Any CPU.ActiveCfg = Release|Any CPU
		{71866C67-CAA0-41C9-808F-25C97A8CEA56}.Release|Any CPU.Build.0 = Release|Any CPU
		{71866C67-CAA0-41C9-808F-25C97A8CEA56}.Release|x64.ActiveCfg = Release|Any CPU
		{71866C67-CAA0-41C9-808F-25C97A8CEA56}.Release|x64.Build.0 = Release|Any CPU
		{71866C67-CAA0-41C9-808F-25C97A8CEA56}.Release|x86.ActiveCfg = Release|Any CPU
		{71866C67-CAA0-41C9-808F-25C97A8CEA56}.Release|x86.Build.0 = Release|Any CPU
		{8232AF90-522B-4B52-AD6A-C436B42D8F15}.Debug|Any CPU.ActiveCfg = Debug|Any CPU
		{8232AF90-522B-4B52-AD6A-C436B42D8F15}.Debug|Any CPU.Build.0 = Debug|Any CPU
		{8232AF90-522B-4B52-AD6A-C436B42D8F15}.Debug|x64.ActiveCfg = Debug|Any CPU
		{8232AF90-522B-4B52-AD6A-C436B42D8F15}.Debug|x64.Build.0 = Debug|Any CPU
		{8232AF90-522B-4B52-AD6A-C436B42D8F15}.Debug|x86.ActiveCfg = Debug|Any CPU
		{8232AF90-522B-4B52-AD6A-C436B42D8F15}.Debug|x86.Build.0 = Debug|Any CPU
		{8232AF90-522B-4B52-AD6A-C436B42D8F15}.Release|Any CPU.ActiveCfg = Release|Any CPU
		{8232AF90-522B-4B52-AD6A-C436B42D8F15}.Release|Any CPU.Build.0 = Release|Any CPU
		{8232AF90-522B-4B52-AD6A-C436B42D8F15}.Release|x64.ActiveCfg = Release|Any CPU
		{8232AF90-522B-4B52-AD6A-C436B42D8F15}.Release|x64.Build.0 = Release|Any CPU
		{8232AF90-522B-4B52-AD6A-C436B42D8F15}.Release|x86.ActiveCfg = Release|Any CPU
		{8232AF90-522B-4B52-AD6A-C436B42D8F15}.Release|x86.Build.0 = Release|Any CPU
		{6F1B4CBD-5943-4E5F-A8D6-1BF738D01A30}.Debug|Any CPU.ActiveCfg = Debug|Any CPU
		{6F1B4CBD-5943-4E5F-A8D6-1BF738D01A30}.Debug|Any CPU.Build.0 = Debug|Any CPU
		{6F1B4CBD-5943-4E5F-A8D6-1BF738D01A30}.Debug|x64.ActiveCfg = Debug|Any CPU
		{6F1B4CBD-5943-4E5F-A8D6-1BF738D01A30}.Debug|x64.Build.0 = Debug|Any CPU
		{6F1B4CBD-5943-4E5F-A8D6-1BF738D01A30}.Debug|x86.ActiveCfg = Debug|Any CPU
		{6F1B4CBD-5943-4E5F-A8D6-1BF738D01A30}.Debug|x86.Build.0 = Debug|Any CPU
		{6F1B4CBD-5943-4E5F-A8D6-1BF738D01A30}.Release|Any CPU.ActiveCfg = Release|Any CPU
		{6F1B4CBD-5943-4E5F-A8D6-1BF738D01A30}.Release|Any CPU.Build.0 = Release|Any CPU
		{6F1B4CBD-5943-4E5F-A8D6-1BF738D01A30}.Release|x64.ActiveCfg = Release|Any CPU
		{6F1B4CBD-5943-4E5F-A8D6-1BF738D01A30}.Release|x64.Build.0 = Release|Any CPU
		{6F1B4CBD-5943-4E5F-A8D6-1BF738D01A30}.Release|x86.ActiveCfg = Release|Any CPU
		{6F1B4CBD-5943-4E5F-A8D6-1BF738D01A30}.Release|x86.Build.0 = Release|Any CPU
		{9661FA9F-4929-4B8E-9C2E-DF869BA5C202}.Debug|Any CPU.ActiveCfg = Debug|Any CPU
		{9661FA9F-4929-4B8E-9C2E-DF869BA5C202}.Debug|Any CPU.Build.0 = Debug|Any CPU
		{9661FA9F-4929-4B8E-9C2E-DF869BA5C202}.Debug|x64.ActiveCfg = Debug|Any CPU
		{9661FA9F-4929-4B8E-9C2E-DF869BA5C202}.Debug|x64.Build.0 = Debug|Any CPU
		{9661FA9F-4929-4B8E-9C2E-DF869BA5C202}.Debug|x86.ActiveCfg = Debug|Any CPU
		{9661FA9F-4929-4B8E-9C2E-DF869BA5C202}.Debug|x86.Build.0 = Debug|Any CPU
		{9661FA9F-4929-4B8E-9C2E-DF869BA5C202}.Release|Any CPU.ActiveCfg = Release|Any CPU
		{9661FA9F-4929-4B8E-9C2E-DF869BA5C202}.Release|Any CPU.Build.0 = Release|Any CPU
		{9661FA9F-4929-4B8E-9C2E-DF869BA5C202}.Release|x64.ActiveCfg = Release|Any CPU
		{9661FA9F-4929-4B8E-9C2E-DF869BA5C202}.Release|x64.Build.0 = Release|Any CPU
		{9661FA9F-4929-4B8E-9C2E-DF869BA5C202}.Release|x86.ActiveCfg = Release|Any CPU
		{9661FA9F-4929-4B8E-9C2E-DF869BA5C202}.Release|x86.Build.0 = Release|Any CPU
	EndGlobalSection
EndGlobal
